
Microsoft Visual Studio Solution File, Format Version 12.00
# Visual Studio 15
VisualStudioVersion = 15.0.27130.2024
MinimumVisualStudioVersion = 10.0.40219.1
Project("{888888A0-9F3D-457C-B088-3A5042F75D52}") = "SIP1", "SIP1.pyproj", "{2465B531-D2C9-4DE5-AFE1-F87DB09ACA0C}"
EndProject
Global
	GlobalSection(SolutionConfigurationPlatforms) = preSolution
		Debug|Any CPU = Debug|Any CPU
		Release|Any CPU = Release|Any CPU
	EndGlobalSection
	GlobalSection(ProjectConfigurationPlatforms) = postSolution
		{2465B531-D2C9-4DE5-AFE1-F87DB09ACA0C}.Debug|Any CPU.ActiveCfg = Debug|Any CPU
		{2465B531-D2C9-4DE5-AFE1-F87DB09ACA0C}.Release|Any CPU.ActiveCfg = Release|Any CPU
	EndGlobalSection
	GlobalSection(SolutionProperties) = preSolution
		HideSolutionNode = FALSE
	EndGlobalSection
	GlobalSection(ExtensibilityGlobals) = postSolution
		SolutionGuid = {73D75410-F736-4FC4-A575-5D75EC1294C2}
	EndGlobalSection
EndGlobal
